
Microsoft Visual Studio Solution File, Format Version 12.00
# Visual Studio 15
VisualStudioVersion = 15.0.28307.852
MinimumVisualStudioVersion = 10.0.40219.1
Project("{159641D6-6404-4A2A-AE62-294DE0FE8301}") = "Integration Services Project1", "Integration Services Project1\Integration Services Project1.dtproj", "{5AE9DC1F-DC99-4333-A0FB-AAAE4D5D8F2D}"
EndProject
Global
	GlobalSection(SolutionConfigurationPlatforms) = preSolution
		Development|Default = Development|Default
	EndGlobalSection
	GlobalSection(ProjectConfigurationPlatforms) = postSolution
		{5AE9DC1F-DC99-4333-A0FB-AAAE4D5D8F2D}.Development|Default.ActiveCfg = Development
		{5AE9DC1F-DC99-4333-A0FB-AAAE4D5D8F2D}.Development|Default.Build.0 = Development
	EndGlobalSection
	GlobalSection(SolutionProperties) = preSolution
		HideSolutionNode = FALSE
	EndGlobalSection
	GlobalSection(ExtensibilityGlobals) = postSolution
		SolutionGuid = {98FD8054-B6DD-44F1-B82F-8EC6B08DF5C5}
	EndGlobalSection
EndGlobal
